
Microsoft Visual Studio Solution File, Format Version 12.00
# Visual Studio Version 16
VisualStudioVersion = 16.0.29613.14
MinimumVisualStudioVersion = 10.0.40219.1
Project("{8BC9CEB8-8B4A-11D0-8D11-00A0C91BC942}") = "wx1", "wx1.vcxproj", "{40CD7A1A-44B9-44F9-906D-2F23E10DA9CB}"
EndProject
Global
	GlobalSection(SolutionConfigurationPlatforms) = preSolution
		Debug|x64 = Debug|x64
		Debug|x86 = Debug|x86
		Release|x64 = Release|x64
		Release|x86 = Release|x86
	EndGlobalSection
	GlobalSection(ProjectConfigurationPlatforms) = postSolution
		{40CD7A1A-44B9-44F9-906D-2F23E10DA9CB}.Debug|x64.ActiveCfg = Debug|x64
		{40CD7A1A-44B9-44F9-906D-2F23E10DA9CB}.Debug|x64.Build.0 = Debug|x64
		{40CD7A1A-44B9-44F9-906D-2F23E10DA9CB}.Debug|x86.ActiveCfg = Debug|Win32
		{40CD7A1A-44B9-44F9-906D-2F23E10DA9CB}.Debug|x86.Build.0 = Debug|Win32
		{40CD7A1A-44B9-44F9-906D-2F23E10DA9CB}.Release|x64.ActiveCfg = Release|x64
		{40CD7A1A-44B9-44F9-906D-2F23E10DA9CB}.Release|x64.Build.0 = Release|x64
		{40CD7A1A-44B9-44F9-906D-2F23E10DA9CB}.Release|x86.ActiveCfg = Release|Win32
		{40CD7A1A-44B9-44F9-906D-2F23E10DA9CB}.Release|x86.Build.0 = Release|Win32
	EndGlobalSection
	GlobalSection(SolutionProperties) = preSolution
		HideSolutionNode = FALSE
	EndGlobalSection
	GlobalSection(ExtensibilityGlobals) = postSolution
		SolutionGuid = {77F87D84-23FF-4C48-BCEB-8DBAC3E9AF2C}
	EndGlobalSection
EndGlobal
